// !$*UTF8*$!
{
	archiveVersion = 1;
	classes = {
	};
	objectVersion = 50;
	objects = {

/* Begin PBXBuildFile section */
		4D1E88E52445F559009C907B /* AppDelegate.swift in Sources */ = {isa = PBXBuildFile; fileRef = 4D1E88E42445F559009C907B /* AppDelegate.swift */; };
		4D1E88E72445F559009C907B /* SceneDelegate.swift in Sources */ = {isa = PBXBuildFile; fileRef = 4D1E88E62445F559009C907B /* SceneDelegate.swift */; };
		4D1E88E92445F559009C907B /* ColorList.swift in Sources */ = {isa = PBXBuildFile; fileRef = 4D1E88E82445F559009C907B /* ColorList.swift */; };
		4D1E88EC2445F559009C907B /* Main.storyboard in Resources */ = {isa = PBXBuildFile; fileRef = 4D1E88EA2445F559009C907B /* Main.storyboard */; };
		4D1E88EE2445F55D009C907B /* Assets.xcassets in Resources */ = {isa = PBXBuildFile; fileRef = 4D1E88ED2445F55D009C907B /* Assets.xcassets */; };
		4D1E88F12445F55D009C907B /* LaunchScreen.storyboard in Resources */ = {isa = PBXBuildFile; fileRef = 4D1E88EF2445F55D009C907B /* LaunchScreen.storyboard */; };
		4D1E88FC2445F55E009C907B /* ColorSliderTests.swift in Sources */ = {isa = PBXBuildFile; fileRef = 4D1E88FB2445F55E009C907B /* ColorSliderTests.swift */; };
		4D1E89072445F5AF009C907B /* CrayonModel.swift in Sources */ = {isa = PBXBuildFile; fileRef = 4D1E89062445F5AF009C907B /* CrayonModel.swift */; };
		4D1E890D2446045C009C907B /* SettingsSlidersVC.swift in Sources */ = {isa = PBXBuildFile; fileRef = 4D1E890C2446045C009C907B /* SettingsSlidersVC.swift */; };
/* End PBXBuildFile section */

/* Begin PBXContainerItemProxy section */
		4D1E88F82445F55E009C907B /* PBXContainerItemProxy */ = {
			isa = PBXContainerItemProxy;
			containerPortal = 4D1E88D92445F559009C907B /* Project object */;
			proxyType = 1;
			remoteGlobalIDString = 4D1E88E02445F559009C907B;
			remoteInfo = ColorSlider;
		};
/* End PBXContainerItemProxy section */

/* Begin PBXFileReference section */
		4D1E88E12445F559009C907B /* ColorSlider.app */ = {isa = PBXFileReference; explicitFileType = wrapper.application; includeInIndex = 0; path = ColorSlider.app; sourceTree = BUILT_PRODUCTS_DIR; };
		4D1E88E42445F559009C907B /* AppDelegate.swift */ = {isa = PBXFileReference; lastKnownFileType = sourcecode.swift; path = AppDelegate.swift; sourceTree = "<group>"; };
		4D1E88E62445F559009C907B /* SceneDelegate.swift */ = {isa = PBXFileReference; lastKnownFileType = sourcecode.swift; path = SceneDelegate.swift; sourceTree = "<group>"; };
		4D1E88E82445F559009C907B /* ColorList.swift */ = {isa = PBXFileReference; lastKnownFileType = sourcecode.swift; path = ColorList.swift; sourceTree = "<group>"; };
		4D1E88EB2445F559009C907B /* Base */ = {isa = PBXFileReference; lastKnownFileType = file.storyboard; name = Base; path = Base.lproj/Main.storyboard; sourceTree = "<group>"; };
		4D1E88ED2445F55D009C907B /* Assets.xcassets */ = {isa = PBXFileReference; lastKnownFileType = folder.assetcatalog; path = Assets.xcassets; sourceTree = "<group>"; };
		4D1E88F02445F55D009C907B /* Base */ = {isa = PBXFileReference; lastKnownFileType = file.storyboard; name = Base; path = Base.lproj/LaunchScreen.storyboard; sourceTree = "<group>"; };
		4D1E88F22445F55D009C907B /* Info.plist */ = {isa = PBXFileReference; lastKnownFileType = text.plist.xml; path = Info.plist; sourceTree = "<group>"; };
		4D1E88F72445F55E009C907B /* ColorSliderTests.xctest */ = {isa = PBXFileReference; explicitFileType = wrapper.cfbundle; includeInIndex = 0; path = ColorSliderTests.xctest; sourceTree = BUILT_PRODUCTS_DIR; };
		4D1E88FB2445F55E009C907B /* ColorSliderTests.swift */ = {isa = PBXFileReference; lastKnownFileType = sourcecode.swift; path = ColorSliderTests.swift; sourceTree = "<group>"; };
		4D1E88FD2445F55E009C907B /* Info.plist */ = {isa = PBXFileReference; lastKnownFileType = text.plist.xml; path = Info.plist; sourceTree = "<group>"; };
		4D1E89062445F5AF009C907B /* CrayonModel.swift */ = {isa = PBXFileReference; lastKnownFileType = sourcecode.swift; path = CrayonModel.swift; sourceTree = "<group>"; };
		4D1E890C2446045C009C907B /* SettingsSlidersVC.swift */ = {isa = PBXFileReference; lastKnownFileType = sourcecode.swift; name = SettingsSlidersVC.swift; path = ColorSlider/Views/SettingsSlidersVC.swift; sourceTree = SOURCE_ROOT; };
/* End PBXFileReference section */

/* Begin PBXFrameworksBuildPhase section */
		4D1E88DE2445F559009C907B /* Frameworks */ = {
			isa = PBXFrameworksBuildPhase;
			buildActionMask = 2147483647;
			files = (
			);
			runOnlyForDeploymentPostprocessing = 0;
		};
		4D1E88F42445F55E009C907B /* Frameworks */ = {
			isa = PBXFrameworksBuildPhase;
			buildActionMask = 2147483647;
			files = (
			);
			runOnlyForDeploymentPostprocessing = 0;
		};
/* End PBXFrameworksBuildPhase section */

/* Begin PBXGroup section */
		4D1E88D82445F559009C907B = {
			isa = PBXGroup;
			children = (
				4D1E88E32445F559009C907B /* ColorSlider */,
				4D1E88FA2445F55E009C907B /* ColorSliderTests */,
				4D1E88E22445F559009C907B /* Products */,
			);
			sourceTree = "<group>";
		};
		4D1E88E22445F559009C907B /* Products */ = {
			isa = PBXGroup;
			children = (
				4D1E88E12445F559009C907B /* ColorSlider.app */,
				4D1E88F72445F55E009C907B /* ColorSliderTests.xctest */,
			);
			name = Products;
			sourceTree = "<group>";
		};
		4D1E88E32445F559009C907B /* ColorSlider */ = {
			isa = PBXGroup;
			children = (
				4D1E89082445F5C5009C907B /* Model */,
				4D1E89092445F5CD009C907B /* Controllers */,
				4D1E890A2445F5EA009C907B /* Views */,
				4D1E890B2445F617009C907B /* SupportingFiles */,
				4D1E88F22445F55D009C907B /* Info.plist */,
			);
			path = ColorSlider;
			sourceTree = "<group>";
		};
		4D1E88FA2445F55E009C907B /* ColorSliderTests */ = {
			isa = PBXGroup;
			children = (
				4D1E88FB2445F55E009C907B /* ColorSliderTests.swift */,
				4D1E88FD2445F55E009C907B /* Info.plist */,
			);
			path = ColorSliderTests;
			sourceTree = "<group>";
		};
		4D1E89082445F5C5009C907B /* Model */ = {
			isa = PBXGroup;
			children = (
				4D1E89062445F5AF009C907B /* CrayonModel.swift */,
			);
			path = Model;
			sourceTree = "<group>";
		};
		4D1E89092445F5CD009C907B /* Controllers */ = {
			isa = PBXGroup;
			children = (
				4D1E890C2446045C009C907B /* SettingsSlidersVC.swift */,
				4D1E88E82445F559009C907B /* ColorList.swift */,
			);
			path = Controllers;
			sourceTree = "<group>";
		};
		4D1E890A2445F5EA009C907B /* Views */ = {
			isa = PBXGroup;
			children = (
				4D1E88EA2445F559009C907B /* Main.storyboard */,
			);
			path = Views;
			sourceTree = "<group>";
		};
		4D1E890B2445F617009C907B /* SupportingFiles */ = {
			isa = PBXGroup;
			children = (
				4D1E88E42445F559009C907B /* AppDelegate.swift */,
				4D1E88E62445F559009C907B /* SceneDelegate.swift */,
				4D1E88ED2445F55D009C907B /* Assets.xcassets */,
				4D1E88EF2445F55D009C907B /* LaunchScreen.storyboard */,
			);
			path = SupportingFiles;
			sourceTree = "<group>";
		};
/* End PBXGroup section */

/* Begin PBXNativeTarget section */
		4D1E88E02445F559009C907B /* ColorSlider */ = {
			isa = PBXNativeTarget;
			buildConfigurationList = 4D1E89002445F55E009C907B /* Build configuration list for PBXNativeTarget "ColorSlider" */;
			buildPhases = (
				4D1E88DD2445F559009C907B /* Sources */,
				4D1E88DE2445F559009C907B /* Frameworks */,
				4D1E88DF2445F559009C907B /* Resources */,
			);
			buildRules = (
			);
			dependencies = (
			);
			name = ColorSlider;
			productName = ColorSlider;
			productReference = 4D1E88E12445F559009C907B /* ColorSlider.app */;
			productType = "com.apple.product-type.application";
		};
		4D1E88F62445F55E009C907B /* ColorSliderTests */ = {
			isa = PBXNativeTarget;
			buildConfigurationList = 4D1E89032445F55E009C907B /* Build configuration list for PBXNativeTarget "ColorSliderTests" */;
			buildPhases = (
				4D1E88F32445F55E009C907B /* Sources */,
				4D1E88F42445F55E009C907B /* Frameworks */,
				4D1E88F52445F55E009C907B /* Resources */,
			);
			buildRules = (
			);
			dependencies = (
				4D1E88F92445F55E009C907B /* PBXTargetDependency */,
			);
			name = ColorSliderTests;
			productName = ColorSliderTests;
			productReference = 4D1E88F72445F55E009C907B /* ColorSliderTests.xctest */;
			productType = "com.apple.product-type.bundle.unit-test";
		};
/* End PBXNativeTarget section */

/* Begin PBXProject section */
		4D1E88D92445F559009C907B /* Project object */ = {
			isa = PBXProject;
			attributes = {
				LastSwiftUpdateCheck = 1140;
				LastUpgradeCheck = 1140;
				ORGANIZATIONNAME = "Melinda Diaz";
				TargetAttributes = {
					4D1E88E02445F559009C907B = {
						CreatedOnToolsVersion = 11.4;
					};
					4D1E88F62445F55E009C907B = {
						CreatedOnToolsVersion = 11.4;
						TestTargetID = 4D1E88E02445F559009C907B;
					};
				};
			};
			buildConfigurationList = 4D1E88DC2445F559009C907B /* Build configuration list for PBXProject "ColorSlider" */;
			compatibilityVersion = "Xcode 9.3";
			developmentRegion = en;
			hasScannedForEncodings = 0;
			knownRegions = (
				en,
				Base,
			);
			mainGroup = 4D1E88D82445F559009C907B;
			productRefGroup = 4D1E88E22445F559009C907B /* Products */;
			projectDirPath = "";
			projectRoot = "";
			targets = (
				4D1E88E02445F559009C907B /* ColorSlider */,
				4D1E88F62445F55E009C907B /* ColorSliderTests */,
			);
		};
/* End PBXProject section */

/* Begin PBXResourcesBuildPhase section */
		4D1E88DF2445F559009C907B /* Resources */ = {
			isa = PBXResourcesBuildPhase;
			buildActionMask = 2147483647;
			files = (
				4D1E88F12445F55D009C907B /* LaunchScreen.storyboard in Resources */,
				4D1E88EE2445F55D009C907B /* Assets.xcassets in Resources */,
				4D1E88EC2445F559009C907B /* Main.storyboard in Resources */,
			);
			runOnlyForDeploymentPostprocessing = 0;
		};
		4D1E88F52445F55E009C907B /* Resources */ = {
			isa = PBXResourcesBuildPhase;
			buildActionMask = 2147483647;
			files = (
			);
			runOnlyForDeploymentPostprocessing = 0;
		};
/* End PBXResourcesBuildPhase section */

/* Begin PBXSourcesBuildPhase section */
		4D1E88DD2445F559009C907B /* Sources */ = {
			isa = PBXSourcesBuildPhase;
			buildActionMask = 2147483647;
			files = (
				4D1E88E92445F559009C907B /* ColorList.swift in Sources */,
				4D1E89072445F5AF009C907B /* CrayonModel.swift in Sources */,
				4D1E890D2446045C009C907B /* SettingsSlidersVC.swift in Sources */,
				4D1E88E52445F559009C907B /* AppDelegate.swift in Sources */,
				4D1E88E72445F559009C907B /* SceneDelegate.swift in Sources */,
			);
			runOnlyForDeploymentPostprocessing = 0;
		};
		4D1E88F32445F55E009C907B /* Sources */ = {
			isa = PBXSourcesBuildPhase;
			buildActionMask = 2147483647;
			files = (
				4D1E88FC2445F55E009C907B /* ColorSliderTests.swift in Sources */,
			);
			runOnlyForDeploymentPostprocessing = 0;
		};
/* End PBXSourcesBuildPhase section */

/* Begin PBXTargetDependency section */
		4D1E88F92445F55E009C907B /* PBXTargetDependency */ = {
			isa = PBXTargetDependency;
			target = 4D1E88E02445F559009C907B /* ColorSlider */;
			targetProxy = 4D1E88F82445F55E009C907B /* PBXContainerItemProxy */;
		};
/* End PBXTargetDependency section */

/* Begin PBXVariantGroup section */
		4D1E88EA2445F559009C907B /* Main.storyboard */ = {
			isa = PBXVariantGroup;
			children = (
				4D1E88EB2445F559009C907B /* Base */,
			);
			name = Main.storyboard;
			sourceTree = "<group>";
		};
		4D1E88EF2445F55D009C907B /* LaunchScreen.storyboard */ = {
			isa = PBXVariantGroup;
			children = (
				4D1E88F02445F55D009C907B /* Base */,
			);
			name = LaunchScreen.storyboard;
			sourceTree = "<group>";
		};
/* End PBXVariantGroup section */

/* Begin XCBuildConfiguration section */
		4D1E88FE2445F55E009C907B /* Debug */ = {
			isa = XCBuildConfiguration;
			buildSettings = {
				ALWAYS_SEARCH_USER_PATHS = NO;
				CLANG_ANALYZER_NONNULL = YES;
				CLANG_ANALYZER_NUMBER_OBJECT_CONVERSION = YES_AGGRESSIVE;
				CLANG_CXX_LANGUAGE_STANDARD = "gnu++14";
				CLANG_CXX_LIBRARY = "libc++";
				CLANG_ENABLE_MODULES = YES;
				CLANG_ENABLE_OBJC_ARC = YES;
				CLANG_ENABLE_OBJC_WEAK = YES;
				CLANG_WARN_BLOCK_CAPTURE_AUTORELEASING = YES;
				CLANG_WARN_BOOL_CONVERSION = YES;
				CLANG_WARN_COMMA = YES;
				CLANG_WARN_CONSTANT_CONVERSION = YES;
				CLANG_WARN_DEPRECATED_OBJC_IMPLEMENTATIONS = YES;
				CLANG_WARN_DIRECT_OBJC_ISA_USAGE = YES_ERROR;
				CLANG_WARN_DOCUMENTATION_COMMENTS = YES;
				CLANG_WARN_EMPTY_BODY = YES;
				CLANG_WARN_ENUM_CONVERSION = YES;
				CLANG_WARN_INFINITE_RECURSION = YES;
				CLANG_WARN_INT_CONVERSION = YES;
				CLANG_WARN_NON_LITERAL_NULL_CONVERSION = YES;
				CLANG_WARN_OBJC_IMPLICIT_RETAIN_SELF = YES;
				CLANG_WARN_OBJC_LITERAL_CONVERSION = YES;
				CLANG_WARN_OBJC_ROOT_CLASS = YES_ERROR;
				CLANG_WARN_RANGE_LOOP_ANALYSIS = YES;
				CLANG_WARN_STRICT_PROTOTYPES = YES;
				CLANG_WARN_SUSPICIOUS_MOVE = YES;
				CLANG_WARN_UNGUARDED_AVAILABILITY = YES_AGGRESSIVE;
				CLANG_WARN_UNREACHABLE_CODE = YES;
				CLANG_WARN__DUPLICATE_METHOD_MATCH = YES;
				COPY_PHASE_STRIP = NO;
				DEBUG_INFORMATION_FORMAT = dwarf;
				ENABLE_STRICT_OBJC_MSGSEND = YES;
				ENABLE_TESTABILITY = YES;
				GCC_C_LANGUAGE_STANDARD = gnu11;
				GCC_DYNAMIC_NO_PIC = NO;
				GCC_NO_COMMON_BLOCKS = YES;
				GCC_OPTIMIZATION_LEVEL = 0;
				GCC_PREPROCESSOR_DEFINITIONS = (
					"DEBUG=1",
					"$(inherited)",
				);
				GCC_WARN_64_TO_32_BIT_CONVERSION = YES;
				GCC_WARN_ABOUT_RETURN_TYPE = YES_ERROR;
				GCC_WARN_UNDECLARED_SELECTOR = YES;
				GCC_WARN_UNINITIALIZED_AUTOS = YES_AGGRESSIVE;
				GCC_WARN_UNUSED_FUNCTION = YES;
				GCC_WARN_UNUSED_VARIABLE = YES;
				IPHONEOS_DEPLOYMENT_TARGET = 13.4;
				MTL_ENABLE_DEBUG_INFO = INCLUDE_SOURCE;
				MTL_FAST_MATH = YES;
				ONLY_ACTIVE_ARCH = YES;
				SDKROOT = iphoneos;
				SWIFT_ACTIVE_COMPILATION_CONDITIONS = DEBUG;
				SWIFT_OPTIMIZATION_LEVEL = "-Onone";
			};
			name = Debug;
		};
		4D1E88FF2445F55E009C907B /* Release */ = {
			isa = XCBuildConfiguration;
			buildSettings = {
				ALWAYS_SEARCH_USER_PATHS = NO;
				CLANG_ANALYZER_NONNULL = YES;
				CLANG_ANALYZER_NUMBER_OBJECT_CONVERSION = YES_AGGRESSIVE;
				CLANG_CXX_LANGUAGE_STANDARD = "gnu++14";
				CLANG_CXX_LIBRARY = "libc++";
				CLANG_ENABLE_MODULES = YES;
				CLANG_ENABLE_OBJC_ARC = YES;
				CLANG_ENABLE_OBJC_WEAK = YES;
				CLANG_WARN_BLOCK_CAPTURE_AUTORELEASING = YES;
				CLANG_WARN_BOOL_CONVERSION = YES;
				CLANG_WARN_COMMA = YES;
				CLANG_WARN_CONSTANT_CONVERSION = YES;
				CLANG_WARN_DEPRECATED_OBJC_IMPLEMENTATIONS = YES;
				CLANG_WARN_DIRECT_OBJC_ISA_USAGE = YES_ERROR;
				CLANG_WARN_DOCUMENTATION_COMMENTS = YES;
				CLANG_WARN_EMPTY_BODY = YES;
				CLANG_WARN_ENUM_CONVERSION = YES;
				CLANG_WARN_INFINITE_RECURSION = YES;
				CLANG_WARN_INT_CONVERSION = YES;
				CLANG_WARN_NON_LITERAL_NULL_CONVERSION = YES;
				CLANG_WARN_OBJC_IMPLICIT_RETAIN_SELF = YES;
				CLANG_WARN_OBJC_LITERAL_CONVERSION = YES;
				CLANG_WARN_OBJC_ROOT_CLASS = YES_ERROR;
				CLANG_WARN_RANGE_LOOP_ANALYSIS = YES;
				CLANG_WARN_STRICT_PROTOTYPES = YES;
				CLANG_WARN_SUSPICIOUS_MOVE = YES;
				CLANG_WARN_UNGUARDED_AVAILABILITY = YES_AGGRESSIVE;
				CLANG_WARN_UNREACHABLE_CODE = YES;
				CLANG_WARN__DUPLICATE_METHOD_MATCH = YES;
				COPY_PHASE_STRIP = NO;
				DEBUG_INFORMATION_FORMAT = "dwarf-with-dsym";
				ENABLE_NS_ASSERTIONS = NO;
				ENABLE_STRICT_OBJC_MSGSEND = YES;
				GCC_C_LANGUAGE_STANDARD = gnu11;
				GCC_NO_COMMON_BLOCKS = YES;
				GCC_WARN_64_TO_32_BIT_CONVERSION = YES;
				GCC_WARN_ABOUT_RETURN_TYPE = YES_ERROR;
				GCC_WARN_UNDECLARED_SELECTOR = YES;
				GCC_WARN_UNINITIALIZED_AUTOS = YES_AGGRESSIVE;
				GCC_WARN_UNUSED_FUNCTION = YES;
				GCC_WARN_UNUSED_VARIABLE = YES;
				IPHONEOS_DEPLOYMENT_TARGET = 13.4;
				MTL_ENABLE_DEBUG_INFO = NO;
				MTL_FAST_MATH = YES;
				SDKROOT = iphoneos;
				SWIFT_COMPILATION_MODE = wholemodule;
				SWIFT_OPTIMIZATION_LEVEL = "-O";
				VALIDATE_PRODUCT = YES;
			};
			name = Release;
		};
		4D1E89012445F55E009C907B /* Debug */ = {
			isa = XCBuildConfiguration;
			buildSettings = {
				ASSETCATALOG_COMPILER_APPICON_NAME = AppIcon;
				CODE_SIGN_STYLE = Automatic;
				DEVELOPMENT_TEAM = M4Q46HX6W5;
				INFOPLIST_FILE = ColorSlider/Info.plist;
				LD_RUNPATH_SEARCH_PATHS = (
					"$(inherited)",
					"@executable_path/Frameworks",
				);
				PRODUCT_BUNDLE_IDENTIFIER = com.melinda.ColorSlider;
				PRODUCT_NAME = "$(TARGET_NAME)";
				SWIFT_VERSION = 5.0;
				TARGETED_DEVICE_FAMILY = "1,2";
			};
			name = Debug;
		};
		4D1E89022445F55E009C907B /* Release */ = {
			isa = XCBuildConfiguration;
			buildSettings = {
				ASSETCATALOG_COMPILER_APPICON_NAME = AppIcon;
				CODE_SIGN_STYLE = Automatic;
				DEVELOPMENT_TEAM = M4Q46HX6W5;
				INFOPLIST_FILE = ColorSlider/Info.plist;
				LD_RUNPATH_SEARCH_PATHS = (
					"$(inherited)",
					"@executable_path/Frameworks",
				);
				PRODUCT_BUNDLE_IDENTIFIER = com.melinda.ColorSlider;
				PRODUCT_NAME = "$(TARGET_NAME)";
				SWIFT_VERSION = 5.0;
				TARGETED_DEVICE_FAMILY = "1,2";
			};
			name = Release;
		};
		4D1E89042445F55E009C907B /* Debug */ = {
			isa = XCBuildConfiguration;
			buildSettings = {
				ALWAYS_EMBED_SWIFT_STANDARD_LIBRARIES = YES;
				BUNDLE_LOADER = "$(TEST_HOST)";
				CODE_SIGN_STYLE = Automatic;
				DEVELOPMENT_TEAM = M4Q46HX6W5;
				INFOPLIST_FILE = ColorSliderTests/Info.plist;
				IPHONEOS_DEPLOYMENT_TARGET = 13.4;
				LD_RUNPATH_SEARCH_PATHS = (
					"$(inherited)",
					"@executable_path/Frameworks",
					"@loader_path/Frameworks",
				);
				PRODUCT_BUNDLE_IDENTIFIER = com.melinda.ColorSliderTests;
				PRODUCT_NAME = "$(TARGET_NAME)";
				SWIFT_VERSION = 5.0;
				TARGETED_DEVICE_FAMILY = "1,2";
				TEST_HOST = "$(BUILT_PRODUCTS_DIR)/ColorSlider.app/ColorSlider";
			};
			name = Debug;
		};
		4D1E89052445F55E009C907B /* Release */ = {
			isa = XCBuildConfiguration;
			buildSettings = {
				ALWAYS_EMBED_SWIFT_STANDARD_LIBRARIES = YES;
				BUNDLE_LOADER = "$(TEST_HOST)";
				CODE_SIGN_STYLE = Automatic;
				DEVELOPMENT_TEAM = M4Q46HX6W5;
				INFOPLIST_FILE = ColorSliderTests/Info.plist;
				IPHONEOS_DEPLOYMENT_TARGET = 13.4;
				LD_RUNPATH_SEARCH_PATHS = (
					"$(inherited)",
					"@executable_path/Frameworks",
					"@loader_path/Frameworks",
				);
				PRODUCT_BUNDLE_IDENTIFIER = com.melinda.ColorSliderTests;
				PRODUCT_NAME = "$(TARGET_NAME)";
				SWIFT_VERSION = 5.0;
				TARGETED_DEVICE_FAMILY = "1,2";
				TEST_HOST = "$(BUILT_PRODUCTS_DIR)/ColorSlider.app/ColorSlider";
			};
			name = Release;
		};
/* End XCBuildConfiguration section */

/* Begin XCConfigurationList section */
		4D1E88DC2445F559009C907B /* Build configuration list for PBXProject "ColorSlider" */ = {
			isa = XCConfigurationList;
			buildConfigurations = (
				4D1E88FE2445F55E009C907B /* Debug */,
				4D1E88FF2445F55E009C907B /* Release */,
			);
			defaultConfigurationIsVisible = 0;
			defaultConfigurationName = Release;
		};
		4D1E89002445F55E009C907B /* Build configuration list for PBXNativeTarget "ColorSlider" */ = {
			isa = XCConfigurationList;
			buildConfigurations = (
				4D1E89012445F55E009C907B /* Debug */,
				4D1E89022445F55E009C907B /* Release */,
			);
			defaultConfigurationIsVisible = 0;
			defaultConfigurationName = Release;
		};
		4D1E89032445F55E009C907B /* Build configuration list for PBXNativeTarget "ColorSliderTests" */ = {
			isa = XCConfigurationList;
			buildConfigurations = (
				4D1E89042445F55E009C907B /* Debug */,
				4D1E89052445F55E009C907B /* Release */,
			);
			defaultConfigurationIsVisible = 0;
			defaultConfigurationName = Release;
		};
/* End XCConfigurationList section */
	};
	rootObject = 4D1E88D92445F559009C907B /* Project object */;
}
